
Microsoft Visual Studio Solution File, Format Version 12.00
# Visual Studio Version 16
VisualStudioVersion = 16.0.30523.141
MinimumVisualStudioVersion = 10.0.40219.1
Project("{FAE04EC0-301F-11D3-BF4B-00C04F79EFBC}") = "BackAction", "BackAction\BackAction.csproj", "{2049A888-6475-4F45-A9EC-999EA0F3087B}"
EndProject
Global
	GlobalSection(SolutionConfigurationPlatforms) = preSolution
		Debug|Any CPU = Debug|Any CPU
		Release|Any CPU = Release|Any CPU
	EndGlobalSection
	GlobalSection(ProjectConfigurationPlatforms) = postSolution
		{2049A888-6475-4F45-A9EC-999EA0F3087B}.Debug|Any CPU.ActiveCfg = Debug|Any CPU
		{2049A888-6475-4F45-A9EC-999EA0F3087B}.Debug|Any CPU.Build.0 = Debug|Any CPU
		{2049A888-6475-4F45-A9EC-999EA0F3087B}.Release|Any CPU.ActiveCfg = Release|Any CPU
		{2049A888-6475-4F45-A9EC-999EA0F3087B}.Release|Any CPU.Build.0 = Release|Any CPU
	EndGlobalSection
	GlobalSection(SolutionProperties) = preSolution
		HideSolutionNode = FALSE
	EndGlobalSection
	GlobalSection(ExtensibilityGlobals) = postSolution
		SolutionGuid = {8FAB0407-B69A-4664-8CA2-4EE2D63315CE}
	EndGlobalSection
EndGlobal
